
Microsoft Visual Studio Solution File, Format Version 12.00
# Visual Studio Version 17
VisualStudioVersion = 17.6.33815.320
MinimumVisualStudioVersion = 10.0.40219.1
Project("{FAE04EC0-301F-11D3-BF4B-00C04F79EFBC}") = "nhom 11 buoi 3", "nhom 11 buoi 3\nhom 11 buoi 3.csproj", "{382A5989-53C2-4EFF-81AC-9367B4DCE3EF}"
EndProject
Global
	GlobalSection(SolutionConfigurationPlatforms) = preSolution
		Debug|Any CPU = Debug|Any CPU
		Release|Any CPU = Release|Any CPU
	EndGlobalSection
	GlobalSection(ProjectConfigurationPlatforms) = postSolution
		{382A5989-53C2-4EFF-81AC-9367B4DCE3EF}.Debug|Any CPU.ActiveCfg = Debug|Any CPU
		{382A5989-53C2-4EFF-81AC-9367B4DCE3EF}.Debug|Any CPU.Build.0 = Debug|Any CPU
		{382A5989-53C2-4EFF-81AC-9367B4DCE3EF}.Release|Any CPU.ActiveCfg = Release|Any CPU
		{382A5989-53C2-4EFF-81AC-9367B4DCE3EF}.Release|Any CPU.Build.0 = Release|Any CPU
	EndGlobalSection
	GlobalSection(SolutionProperties) = preSolution
		HideSolutionNode = FALSE
	EndGlobalSection
	GlobalSection(ExtensibilityGlobals) = postSolution
		SolutionGuid = {A52B6A3F-6615-4A7D-936B-FAAD48DE422D}
	EndGlobalSection
EndGlobal
